
Microsoft Visual Studio Solution File, Format Version 12.00
# Visual Studio Version 17
VisualStudioVersion = 17.14.36401.2 d17.14
MinimumVisualStudioVersion = 10.0.40219.1
Project("{FAE04EC0-301F-11D3-BF4B-00C04F79EFBC}") = "Week07d2Selection_Insertion_SortAlgo", "Week07d2Selection_Insertion_SortAlgo\Week07d2Selection_Insertion_SortAlgo.csproj", "{1D0F0907-FE79-42B5-909D-8E0031D14A70}"
EndProject
Global
	GlobalSection(SolutionConfigurationPlatforms) = preSolution
		Debug|Any CPU = Debug|Any CPU
		Release|Any CPU = Release|Any CPU
	EndGlobalSection
	GlobalSection(ProjectConfigurationPlatforms) = postSolution
		{1D0F0907-FE79-42B5-909D-8E0031D14A70}.Debug|Any CPU.ActiveCfg = Debug|Any CPU
		{1D0F0907-FE79-42B5-909D-8E0031D14A70}.Debug|Any CPU.Build.0 = Debug|Any CPU
		{1D0F0907-FE79-42B5-909D-8E0031D14A70}.Release|Any CPU.ActiveCfg = Release|Any CPU
		{1D0F0907-FE79-42B5-909D-8E0031D14A70}.Release|Any CPU.Build.0 = Release|Any CPU
	EndGlobalSection
	GlobalSection(SolutionProperties) = preSolution
		HideSolutionNode = FALSE
	EndGlobalSection
	GlobalSection(ExtensibilityGlobals) = postSolution
		SolutionGuid = {ECEAAA32-CB77-4B35-BE78-FD2F8EBBD626}
	EndGlobalSection
EndGlobal
