
Microsoft Visual Studio Solution File, Format Version 12.00
# Visual Studio Version 17
VisualStudioVersion = 17.14.36401.2 d17.14
MinimumVisualStudioVersion = 10.0.40219.1
Project("{FAE04EC0-301F-11D3-BF4B-00C04F79EFBC}") = "1666Demo01w1d2Sep03", "1666Demo01w1d2Sep03\1666Demo01w1d2Sep03.csproj", "{1442AD99-2365-4887-A930-570999E5A8D5}"
EndProject
Global
	GlobalSection(SolutionConfigurationPlatforms) = preSolution
		Debug|Any CPU = Debug|Any CPU
		Release|Any CPU = Release|Any CPU
	EndGlobalSection
	GlobalSection(ProjectConfigurationPlatforms) = postSolution
		{1442AD99-2365-4887-A930-570999E5A8D5}.Debug|Any CPU.ActiveCfg = Debug|Any CPU
		{1442AD99-2365-4887-A930-570999E5A8D5}.Debug|Any CPU.Build.0 = Debug|Any CPU
		{1442AD99-2365-4887-A930-570999E5A8D5}.Release|Any CPU.ActiveCfg = Release|Any CPU
		{1442AD99-2365-4887-A930-570999E5A8D5}.Release|Any CPU.Build.0 = Release|Any CPU
	EndGlobalSection
	GlobalSection(SolutionProperties) = preSolution
		HideSolutionNode = FALSE
	EndGlobalSection
	GlobalSection(ExtensibilityGlobals) = postSolution
		SolutionGuid = {E5CB1C8E-C5FC-47BE-AA24-4B887535E1AD}
	EndGlobalSection
EndGlobal
