
Microsoft Visual Studio Solution File, Format Version 12.00
# Visual Studio Version 17
VisualStudioVersion = 17.14.36401.2 d17.14
MinimumVisualStudioVersion = 10.0.40219.1
Project("{FAE04EC0-301F-11D3-BF4B-00C04F79EFBC}") = "week07day02Sorting_Selection_Insertion_Sorts", "week07day02Sorting_Selection_Insertion_Sorts\week07day02Sorting_Selection_Insertion_Sorts.csproj", "{659D21E1-760F-47FC-B90B-535376E967FC}"
EndProject
Global
	GlobalSection(SolutionConfigurationPlatforms) = preSolution
		Debug|Any CPU = Debug|Any CPU
		Release|Any CPU = Release|Any CPU
	EndGlobalSection
	GlobalSection(ProjectConfigurationPlatforms) = postSolution
		{659D21E1-760F-47FC-B90B-535376E967FC}.Debug|Any CPU.ActiveCfg = Debug|Any CPU
		{659D21E1-760F-47FC-B90B-535376E967FC}.Debug|Any CPU.Build.0 = Debug|Any CPU
		{659D21E1-760F-47FC-B90B-535376E967FC}.Release|Any CPU.ActiveCfg = Release|Any CPU
		{659D21E1-760F-47FC-B90B-535376E967FC}.Release|Any CPU.Build.0 = Release|Any CPU
	EndGlobalSection
	GlobalSection(SolutionProperties) = preSolution
		HideSolutionNode = FALSE
	EndGlobalSection
	GlobalSection(ExtensibilityGlobals) = postSolution
		SolutionGuid = {69B14649-440B-452B-AFC5-45847CB11AF4}
	EndGlobalSection
EndGlobal
