
Microsoft Visual Studio Solution File, Format Version 12.00
# Visual Studio Version 17
VisualStudioVersion = 17.14.36401.2 d17.14
MinimumVisualStudioVersion = 10.0.40219.1
Project("{FAE04EC0-301F-11D3-BF4B-00C04F79EFBC}") = "week4day2demo0124092025radio", "week4day2demo0124092025radio\week4day2demo0124092025radio.csproj", "{65B771BC-5557-44D2-8B19-C065E1BAECD8}"
EndProject
Global
	GlobalSection(SolutionConfigurationPlatforms) = preSolution
		Debug|Any CPU = Debug|Any CPU
		Release|Any CPU = Release|Any CPU
	EndGlobalSection
	GlobalSection(ProjectConfigurationPlatforms) = postSolution
		{65B771BC-5557-44D2-8B19-C065E1BAECD8}.Debug|Any CPU.ActiveCfg = Debug|Any CPU
		{65B771BC-5557-44D2-8B19-C065E1BAECD8}.Debug|Any CPU.Build.0 = Debug|Any CPU
		{65B771BC-5557-44D2-8B19-C065E1BAECD8}.Release|Any CPU.ActiveCfg = Release|Any CPU
		{65B771BC-5557-44D2-8B19-C065E1BAECD8}.Release|Any CPU.Build.0 = Release|Any CPU
	EndGlobalSection
	GlobalSection(SolutionProperties) = preSolution
		HideSolutionNode = FALSE
	EndGlobalSection
	GlobalSection(ExtensibilityGlobals) = postSolution
		SolutionGuid = {7078CF1A-4007-4713-92D7-07102A1F399E}
	EndGlobalSection
EndGlobal
