
Microsoft Visual Studio Solution File, Format Version 12.00
# Visual Studio Version 17
VisualStudioVersion = 17.14.36401.2 d17.14
MinimumVisualStudioVersion = 10.0.40219.1
Project("{FAE04EC0-301F-11D3-BF4B-00C04F79EFBC}") = "Week12Day03ModelessDialog", "Week12Day03ModelessDialog\Week12Day03ModelessDialog.csproj", "{2ABACA97-F8E2-4A03-9F86-C667A32560D2}"
EndProject
Global
	GlobalSection(SolutionConfigurationPlatforms) = preSolution
		Debug|Any CPU = Debug|Any CPU
		Release|Any CPU = Release|Any CPU
	EndGlobalSection
	GlobalSection(ProjectConfigurationPlatforms) = postSolution
		{2ABACA97-F8E2-4A03-9F86-C667A32560D2}.Debug|Any CPU.ActiveCfg = Debug|Any CPU
		{2ABACA97-F8E2-4A03-9F86-C667A32560D2}.Debug|Any CPU.Build.0 = Debug|Any CPU
		{2ABACA97-F8E2-4A03-9F86-C667A32560D2}.Release|Any CPU.ActiveCfg = Release|Any CPU
		{2ABACA97-F8E2-4A03-9F86-C667A32560D2}.Release|Any CPU.Build.0 = Release|Any CPU
	EndGlobalSection
	GlobalSection(SolutionProperties) = preSolution
		HideSolutionNode = FALSE
	EndGlobalSection
	GlobalSection(ExtensibilityGlobals) = postSolution
		SolutionGuid = {1BB28524-40E4-40D3-953E-5DD1E150FDB1}
	EndGlobalSection
EndGlobal
