
Microsoft Visual Studio Solution File, Format Version 12.00
# Visual Studio Version 17
VisualStudioVersion = 17.14.36221.1 d17.14
MinimumVisualStudioVersion = 10.0.40219.1
Project("{FAE04EC0-301F-11D3-BF4B-00C04F79EFBC}") = "StudentManagerApp", "StudentManagerApp\StudentManagerApp.csproj", "{C1A2CCAE-5A86-41EA-8E84-F7A7E9B0AB6C}"
EndProject
Global
	GlobalSection(SolutionConfigurationPlatforms) = preSolution
		Debug|Any CPU = Debug|Any CPU
		Release|Any CPU = Release|Any CPU
	EndGlobalSection
	GlobalSection(ProjectConfigurationPlatforms) = postSolution
		{C1A2CCAE-5A86-41EA-8E84-F7A7E9B0AB6C}.Debug|Any CPU.ActiveCfg = Debug|Any CPU
		{C1A2CCAE-5A86-41EA-8E84-F7A7E9B0AB6C}.Debug|Any CPU.Build.0 = Debug|Any CPU
		{C1A2CCAE-5A86-41EA-8E84-F7A7E9B0AB6C}.Release|Any CPU.ActiveCfg = Release|Any CPU
		{C1A2CCAE-5A86-41EA-8E84-F7A7E9B0AB6C}.Release|Any CPU.Build.0 = Release|Any CPU
	EndGlobalSection
	GlobalSection(SolutionProperties) = preSolution
		HideSolutionNode = FALSE
	EndGlobalSection
	GlobalSection(ExtensibilityGlobals) = postSolution
		SolutionGuid = {E749E1E3-E6AF-47E5-80B7-7076AF8696A2}
	EndGlobalSection
EndGlobal
