
Microsoft Visual Studio Solution File, Format Version 12.00
# Visual Studio Version 17
VisualStudioVersion = 17.14.36401.2 d17.14
MinimumVisualStudioVersion = 10.0.40219.1
Project("{FAE04EC0-301F-11D3-BF4B-00C04F79EFBC}") = "Week09Day03StringComparisons", "Week09Day03StringComparisons\Week09Day03StringComparisons.csproj", "{A7CB2E25-A4C7-48C3-82E8-A9FDB7C6A40B}"
EndProject
Global
	GlobalSection(SolutionConfigurationPlatforms) = preSolution
		Debug|Any CPU = Debug|Any CPU
		Release|Any CPU = Release|Any CPU
	EndGlobalSection
	GlobalSection(ProjectConfigurationPlatforms) = postSolution
		{A7CB2E25-A4C7-48C3-82E8-A9FDB7C6A40B}.Debug|Any CPU.ActiveCfg = Debug|Any CPU
		{A7CB2E25-A4C7-48C3-82E8-A9FDB7C6A40B}.Debug|Any CPU.Build.0 = Debug|Any CPU
		{A7CB2E25-A4C7-48C3-82E8-A9FDB7C6A40B}.Release|Any CPU.ActiveCfg = Release|Any CPU
		{A7CB2E25-A4C7-48C3-82E8-A9FDB7C6A40B}.Release|Any CPU.Build.0 = Release|Any CPU
	EndGlobalSection
	GlobalSection(SolutionProperties) = preSolution
		HideSolutionNode = FALSE
	EndGlobalSection
	GlobalSection(ExtensibilityGlobals) = postSolution
		SolutionGuid = {B3F144E4-21B7-4271-BAED-3AFEACA643AF}
	EndGlobalSection
EndGlobal
